
Microsoft Visual Studio Solution File, Format Version 12.00
# Visual Studio Version 16
VisualStudioVersion = 16.0.29001.49
MinimumVisualStudioVersion = 10.0.40219.1
Project("{FAE04EC0-301F-11D3-BF4B-00C04F79EFBC}") = "SecurityDoors.UI.WPF", "SecurityDoors.WPFApp\SecurityDoors.UI.WPF.csproj", "{A0D010F1-5411-46BC-9E69-E3A4B41385ED}"
EndProject
Project("{2150E333-8FDC-42A3-9474-1A3956D46DE8}") = "Solution Items", "Solution Items", "{A606F1ED-6EEF-4503-BE8A-C6307BFA412E}"
	ProjectSection(SolutionItems) = preProject
		.travis.yml = .travis.yml
	EndProjectSection
EndProject
Project("{FAE04EC0-301F-11D3-BF4B-00C04F79EFBC}") = "SecurityDoors.BL", "SecurityDoor.BL\SecurityDoors.BL.csproj", "{3EEE4E31-02E7-4BD5-8D97-763C479D1237}"
EndProject
Project("{FAE04EC0-301F-11D3-BF4B-00C04F79EFBC}") = "SecurityDoors.UI.WinForms", "SecurityDoors.UI.WinForms\SecurityDoors.UI.WinForms.csproj", "{9CF9E363-E640-415A-BA6D-863C828F113F}"
EndProject
Project("{FAE04EC0-301F-11D3-BF4B-00C04F79EFBC}") = "SecurityDoors.DAL", "SecurityDoors.DAL\SecurityDoors.DAL.csproj", "{E1DA8CE1-8480-42F4-9C85-587EBB09F113}"
EndProject
Global
	GlobalSection(SolutionConfigurationPlatforms) = preSolution
		Debug|Any CPU = Debug|Any CPU
		Release|Any CPU = Release|Any CPU
	EndGlobalSection
	GlobalSection(ProjectConfigurationPlatforms) = postSolution
		{A0D010F1-5411-46BC-9E69-E3A4B41385ED}.Debug|Any CPU.ActiveCfg = Debug|Any CPU
		{A0D010F1-5411-46BC-9E69-E3A4B41385ED}.Debug|Any CPU.Build.0 = Debug|Any CPU
		{A0D010F1-5411-46BC-9E69-E3A4B41385ED}.Release|Any CPU.ActiveCfg = Release|Any CPU
		{A0D010F1-5411-46BC-9E69-E3A4B41385ED}.Release|Any CPU.Build.0 = Release|Any CPU
		{3EEE4E31-02E7-4BD5-8D97-763C479D1237}.Debug|Any CPU.ActiveCfg = Debug|Any CPU
		{3EEE4E31-02E7-4BD5-8D97-763C479D1237}.Debug|Any CPU.Build.0 = Debug|Any CPU
		{3EEE4E31-02E7-4BD5-8D97-763C479D1237}.Release|Any CPU.ActiveCfg = Release|Any CPU
		{3EEE4E31-02E7-4BD5-8D97-763C479D1237}.Release|Any CPU.Build.0 = Release|Any CPU
		{9CF9E363-E640-415A-BA6D-863C828F113F}.Debug|Any CPU.ActiveCfg = Debug|Any CPU
		{9CF9E363-E640-415A-BA6D-863C828F113F}.Debug|Any CPU.Build.0 = Debug|Any CPU
		{9CF9E363-E640-415A-BA6D-863C828F113F}.Release|Any CPU.ActiveCfg = Release|Any CPU
		{9CF9E363-E640-415A-BA6D-863C828F113F}.Release|Any CPU.Build.0 = Release|Any CPU
		{E1DA8CE1-8480-42F4-9C85-587EBB09F113}.Debug|Any CPU.ActiveCfg = Debug|Any CPU
		{E1DA8CE1-8480-42F4-9C85-587EBB09F113}.Debug|Any CPU.Build.0 = Debug|Any CPU
		{E1DA8CE1-8480-42F4-9C85-587EBB09F113}.Release|Any CPU.ActiveCfg = Release|Any CPU
		{E1DA8CE1-8480-42F4-9C85-587EBB09F113}.Release|Any CPU.Build.0 = Release|Any CPU
	EndGlobalSection
	GlobalSection(SolutionProperties) = preSolution
		HideSolutionNode = FALSE
	EndGlobalSection
	GlobalSection(ExtensibilityGlobals) = postSolution
		SolutionGuid = {36819FBB-AD5D-405C-888B-C92ED9AD63EA}
	EndGlobalSection
EndGlobal
